// !$*UTF8*$!
{
	archiveVersion = 1;
	classes = {
	};
	objectVersion = 77;
	objects = {

/* Begin PBXContainerItemProxy section */
		89DDAD9A2E37CE3A0037618A /* PBXContainerItemProxy */ = {
			isa = PBXContainerItemProxy;
			containerPortal = 89DDAD812E37CE1B0037618A /* Project object */;
			proxyType = 1;
			remoteGlobalIDString = 89DDAD882E37CE1B0037618A;
			remoteInfo = NowPlayingRNR;
		};
		89DDADA42E37CE3B0037618A /* PBXContainerItemProxy */ = {
			isa = PBXContainerItemProxy;
			containerPortal = 89DDAD812E37CE1B0037618A /* Project object */;
			proxyType = 1;
			remoteGlobalIDString = 89DDAD882E37CE1B0037618A;
			remoteInfo = NowPlayingRNR;
		};
/* End PBXContainerItemProxy section */

/* Begin PBXFileReference section */
		89DDAD892E37CE1C0037618A /* NowPlayingRNR.app */ = {isa = PBXFileReference; explicitFileType = wrapper.application; includeInIndex = 0; path = NowPlayingRNR.app; sourceTree = BUILT_PRODUCTS_DIR; };
		89DDAD992E37CE3A0037618A /* NowPlayingRNRTests.xctest */ = {isa = PBXFileReference; explicitFileType = wrapper.cfbundle; includeInIndex = 0; path = NowPlayingRNRTests.xctest; sourceTree = BUILT_PRODUCTS_DIR; };
		89DDADA32E37CE3B0037618A /* NowPlayingRNRUITests.xctest */ = {isa = PBXFileReference; explicitFileType = wrapper.cfbundle; includeInIndex = 0; path = NowPlayingRNRUITests.xctest; sourceTree = BUILT_PRODUCTS_DIR; };
/* End PBXFileReference section */

/* Begin PBXFileSystemSynchronizedRootGroup section */
		89DDAD8B2E37CE1C0037618A /* NowPlayingRNR */ = {
			isa = PBXFileSystemSynchronizedRootGroup;
			path = NowPlayingRNR;
			sourceTree = "<group>";
		};
		89DDAD9C2E37CE3A0037618A /* NowPlayingRNRTests */ = {
			isa = PBXFileSystemSynchronizedRootGroup;
			path = NowPlayingRNRTests;
			sourceTree = "<group>";
		};
		89DDADA62E37CE3B0037618A /* NowPlayingRNRUITests */ = {
			isa = PBXFileSystemSynchronizedRootGroup;
			path = NowPlayingRNRUITests;
			sourceTree = "<group>";
		};
/* End PBXFileSystemSynchronizedRootGroup section */

/* Begin PBXFrameworksBuildPhase section */
		89DDAD862E37CE1B0037618A /* Frameworks */ = {
			isa = PBXFrameworksBuildPhase;
			buildActionMask = 2147483647;
			files = (
			);
			runOnlyForDeploymentPostprocessing = 0;
		};
		89DDAD962E37CE3A0037618A /* Frameworks */ = {
			isa = PBXFrameworksBuildPhase;
			buildActionMask = 2147483647;
			files = (
			);
			runOnlyForDeploymentPostprocessing = 0;
		};
		89DDADA02E37CE3B0037618A /* Frameworks */ = {
			isa = PBXFrameworksBuildPhase;
			buildActionMask = 2147483647;
			files = (
			);
			runOnlyForDeploymentPostprocessing = 0;
		};
/* End PBXFrameworksBuildPhase section */

/* Begin PBXGroup section */
		89DDAD802E37CE1B0037618A = {
			isa = PBXGroup;
			children = (
				89DDAD8B2E37CE1C0037618A /* NowPlayingRNR */,
				89DDAD9C2E37CE3A0037618A /* NowPlayingRNRTests */,
				89DDADA62E37CE3B0037618A /* NowPlayingRNRUITests */,
				89DDAD8A2E37CE1C0037618A /* Products */,
			);
			sourceTree = "<group>";
		};
		89DDAD8A2E37CE1C0037618A /* Products */ = {
			isa = PBXGroup;
			children = (
				89DDAD892E37CE1C0037618A /* NowPlayingRNR.app */,
				89DDAD992E37CE3A0037618A /* NowPlayingRNRTests.xctest */,
				89DDADA32E37CE3B0037618A /* NowPlayingRNRUITests.xctest */,
			);
			name = Products;
			sourceTree = "<group>";
		};
/* End PBXGroup section */

/* Begin PBXNativeTarget section */
		89DDAD882E37CE1B0037618A /* NowPlayingRNR */ = {
			isa = PBXNativeTarget;
			buildConfigurationList = 89DDADAD2E37CE3B0037618A /* Build configuration list for PBXNativeTarget "NowPlayingRNR" */;
			buildPhases = (
				89DDAD852E37CE1B0037618A /* Sources */,
				89DDAD862E37CE1B0037618A /* Frameworks */,
				89DDAD872E37CE1B0037618A /* Resources */,
			);
			buildRules = (
			);
			dependencies = (
			);
			fileSystemSynchronizedGroups = (
				89DDAD8B2E37CE1C0037618A /* NowPlayingRNR */,
			);
			name = NowPlayingRNR;
			packageProductDependencies = (
			);
			productName = NowPlayingRNR;
			productReference = 89DDAD892E37CE1C0037618A /* NowPlayingRNR.app */;
			productType = "com.apple.product-type.application";
		};
		89DDAD982E37CE3A0037618A /* NowPlayingRNRTests */ = {
			isa = PBXNativeTarget;
			buildConfigurationList = 89DDADB02E37CE3B0037618A /* Build configuration list for PBXNativeTarget "NowPlayingRNRTests" */;
			buildPhases = (
				89DDAD952E37CE3A0037618A /* Sources */,
				89DDAD962E37CE3A0037618A /* Frameworks */,
				89DDAD972E37CE3A0037618A /* Resources */,
			);
			buildRules = (
			);
			dependencies = (
				89DDAD9B2E37CE3A0037618A /* PBXTargetDependency */,
			);
			fileSystemSynchronizedGroups = (
				89DDAD9C2E37CE3A0037618A /* NowPlayingRNRTests */,
			);
			name = NowPlayingRNRTests;
			packageProductDependencies = (
			);
			productName = NowPlayingRNRTests;
			productReference = 89DDAD992E37CE3A0037618A /* NowPlayingRNRTests.xctest */;
			productType = "com.apple.product-type.bundle.unit-test";
		};
		89DDADA22E37CE3B0037618A /* NowPlayingRNRUITests */ = {
			isa = PBXNativeTarget;
			buildConfigurationList = 89DDADB32E37CE3B0037618A /* Build configuration list for PBXNativeTarget "NowPlayingRNRUITests" */;
			buildPhases = (
				89DDAD9F2E37CE3B0037618A /* Sources */,
				89DDADA02E37CE3B0037618A /* Frameworks */,
				89DDADA12E37CE3B0037618A /* Resources */,
			);
			buildRules = (
			);
			dependencies = (
				89DDADA52E37CE3B0037618A /* PBXTargetDependency */,
			);
			fileSystemSynchronizedGroups = (
				89DDADA62E37CE3B0037618A /* NowPlayingRNRUITests */,
			);
			name = NowPlayingRNRUITests;
			packageProductDependencies = (
			);
			productName = NowPlayingRNRUITests;
			productReference = 89DDADA32E37CE3B0037618A /* NowPlayingRNRUITests.xctest */;
			productType = "com.apple.product-type.bundle.ui-testing";
		};
/* End PBXNativeTarget section */

/* Begin PBXProject section */
		89DDAD812E37CE1B0037618A /* Project object */ = {
			isa = PBXProject;
			attributes = {
				BuildIndependentTargetsInParallel = 1;
				LastSwiftUpdateCheck = 1620;
				LastUpgradeCheck = 1620;
				TargetAttributes = {
					89DDAD882E37CE1B0037618A = {
						CreatedOnToolsVersion = 16.2;
					};
					89DDAD982E37CE3A0037618A = {
						CreatedOnToolsVersion = 16.2;
						TestTargetID = 89DDAD882E37CE1B0037618A;
					};
					89DDADA22E37CE3B0037618A = {
						CreatedOnToolsVersion = 16.2;
						TestTargetID = 89DDAD882E37CE1B0037618A;
					};
				};
			};
			buildConfigurationList = 89DDAD842E37CE1B0037618A /* Build configuration list for PBXProject "NowPlayingRNR" */;
			developmentRegion = en;
			hasScannedForEncodings = 0;
			knownRegions = (
				en,
				Base,
			);
			mainGroup = 89DDAD802E37CE1B0037618A;
			minimizedProjectReferenceProxies = 1;
			preferredProjectObjectVersion = 77;
			productRefGroup = 89DDAD8A2E37CE1C0037618A /* Products */;
			projectDirPath = "";
			projectRoot = "";
			targets = (
				89DDAD882E37CE1B0037618A /* NowPlayingRNR */,
				89DDAD982E37CE3A0037618A /* NowPlayingRNRTests */,
				89DDADA22E37CE3B0037618A /* NowPlayingRNRUITests */,
			);
		};
/* End PBXProject section */

/* Begin PBXResourcesBuildPhase section */
		89DDAD872E37CE1B0037618A /* Resources */ = {
			isa = PBXResourcesBuildPhase;
			buildActionMask = 2147483647;
			files = (
			);
			runOnlyForDeploymentPostprocessing = 0;
		};
		89DDAD972E37CE3A0037618A /* Resources */ = {
			isa = PBXResourcesBuildPhase;
			buildActionMask = 2147483647;
			files = (
			);
			runOnlyForDeploymentPostprocessing = 0;
		};
		89DDADA12E37CE3B0037618A /* Resources */ = {
			isa = PBXResourcesBuildPhase;
			buildActionMask = 2147483647;
			files = (
			);
			runOnlyForDeploymentPostprocessing = 0;
		};
/* End PBXResourcesBuildPhase section */

/* Begin PBXSourcesBuildPhase section */
		89DDAD852E37CE1B0037618A /* Sources */ = {
			isa = PBXSourcesBuildPhase;
			buildActionMask = 2147483647;
			files = (
			);
			runOnlyForDeploymentPostprocessing = 0;
		};
		89DDAD952E37CE3A0037618A /* Sources */ = {
			isa = PBXSourcesBuildPhase;
			buildActionMask = 2147483647;
			files = (
			);
			runOnlyForDeploymentPostprocessing = 0;
		};
		89DDAD9F2E37CE3B0037618A /* Sources */ = {
			isa = PBXSourcesBuildPhase;
			buildActionMask = 2147483647;
			files = (
			);
			runOnlyForDeploymentPostprocessing = 0;
		};
/* End PBXSourcesBuildPhase section */

/* Begin PBXTargetDependency section */
		89DDAD9B2E37CE3A0037618A /* PBXTargetDependency */ = {
			isa = PBXTargetDependency;
			target = 89DDAD882E37CE1B0037618A /* NowPlayingRNR */;
			targetProxy = 89DDAD9A2E37CE3A0037618A /* PBXContainerItemProxy */;
		};
		89DDADA52E37CE3B0037618A /* PBXTargetDependency */ = {
			isa = PBXTargetDependency;
			target = 89DDAD882E37CE1B0037618A /* NowPlayingRNR */;
			targetProxy = 89DDADA42E37CE3B0037618A /* PBXContainerItemProxy */;
		};
/* End PBXTargetDependency section */

/* Begin XCBuildConfiguration section */
		89DDADAB2E37CE3B0037618A /* Debug */ = {
			isa = XCBuildConfiguration;
			buildSettings = {
				ALWAYS_SEARCH_USER_PATHS = NO;
				ASSETCATALOG_COMPILER_GENERATE_SWIFT_ASSET_SYMBOL_EXTENSIONS = YES;
				CLANG_ANALYZER_NONNULL = YES;
				CLANG_ANALYZER_NUMBER_OBJECT_CONVERSION = YES_AGGRESSIVE;
				CLANG_CXX_LANGUAGE_STANDARD = "gnu++20";
				CLANG_ENABLE_MODULES = YES;
				CLANG_ENABLE_OBJC_ARC = YES;
				CLANG_ENABLE_OBJC_WEAK = YES;
				CLANG_WARN_BLOCK_CAPTURE_AUTORELEASING = YES;
				CLANG_WARN_BOOL_CONVERSION = YES;
				CLANG_WARN_COMMA = YES;
				CLANG_WARN_CONSTANT_CONVERSION = YES;
				CLANG_WARN_DEPRECATED_OBJC_IMPLEMENTATIONS = YES;
				CLANG_WARN_DIRECT_OBJC_ISA_USAGE = YES_ERROR;
				CLANG_WARN_DOCUMENTATION_COMMENTS = YES;
				CLANG_WARN_EMPTY_BODY = YES;
				CLANG_WARN_ENUM_CONVERSION = YES;
				CLANG_WARN_INFINITE_RECURSION = YES;
				CLANG_WARN_INT_CONVERSION = YES;
				CLANG_WARN_NON_LITERAL_NULL_CONVERSION = YES;
				CLANG_WARN_OBJC_IMPLICIT_RETAIN_SELF = YES;
				CLANG_WARN_OBJC_LITERAL_CONVERSION = YES;
				CLANG_WARN_OBJC_ROOT_CLASS = YES_ERROR;
				CLANG_WARN_QUOTED_INCLUDE_IN_FRAMEWORK_HEADER = YES;
				CLANG_WARN_RANGE_LOOP_ANALYSIS = YES;
				CLANG_WARN_STRICT_PROTOTYPES = YES;
				CLANG_WARN_SUSPICIOUS_MOVE = YES;
				CLANG_WARN_UNGUARDED_AVAILABILITY = YES_AGGRESSIVE;
				CLANG_WARN_UNREACHABLE_CODE = YES;
				CLANG_WARN__DUPLICATE_METHOD_MATCH = YES;
				COPY_PHASE_STRIP = NO;
				DEBUG_INFORMATION_FORMAT = dwarf;
				ENABLE_STRICT_OBJC_MSGSEND = YES;
				ENABLE_TESTABILITY = YES;
				ENABLE_USER_SCRIPT_SANDBOXING = YES;
				GCC_C_LANGUAGE_STANDARD = gnu17;
				GCC_DYNAMIC_NO_PIC = NO;
				GCC_NO_COMMON_BLOCKS = YES;
				GCC_OPTIMIZATION_LEVEL = 0;
				GCC_PREPROCESSOR_DEFINITIONS = (
					"DEBUG=1",
					"$(inherited)",
				);
				GCC_WARN_64_TO_32_BIT_CONVERSION = YES;
				GCC_WARN_ABOUT_RETURN_TYPE = YES_ERROR;
				GCC_WARN_UNDECLARED_SELECTOR = YES;
				GCC_WARN_UNINITIALIZED_AUTOS = YES_AGGRESSIVE;
				GCC_WARN_UNUSED_FUNCTION = YES;
				GCC_WARN_UNUSED_VARIABLE = YES;
				IPHONEOS_DEPLOYMENT_TARGET = 18.2;
				LOCALIZATION_PREFERS_STRING_CATALOGS = YES;
				MTL_ENABLE_DEBUG_INFO = INCLUDE_SOURCE;
				MTL_FAST_MATH = YES;
				ONLY_ACTIVE_ARCH = YES;
				SDKROOT = iphoneos;
				SWIFT_ACTIVE_COMPILATION_CONDITIONS = "DEBUG $(inherited)";
				SWIFT_OPTIMIZATION_LEVEL = "-Onone";
			};
			name = Debug;
		};
		89DDADAC2E37CE3B0037618A /* Release */ = {
			isa = XCBuildConfiguration;
			buildSettings = {
				ALWAYS_SEARCH_USER_PATHS = NO;
				ASSETCATALOG_COMPILER_GENERATE_SWIFT_ASSET_SYMBOL_EXTENSIONS = YES;
				CLANG_ANALYZER_NONNULL = YES;
				CLANG_ANALYZER_NUMBER_OBJECT_CONVERSION = YES_AGGRESSIVE;
				CLANG_CXX_LANGUAGE_STANDARD = "gnu++20";
				CLANG_ENABLE_MODULES = YES;
				CLANG_ENABLE_OBJC_ARC = YES;
				CLANG_ENABLE_OBJC_WEAK = YES;
				CLANG_WARN_BLOCK_CAPTURE_AUTORELEASING = YES;
				CLANG_WARN_BOOL_CONVERSION = YES;
				CLANG_WARN_COMMA = YES;
				CLANG_WARN_CONSTANT_CONVERSION = YES;
				CLANG_WARN_DEPRECATED_OBJC_IMPLEMENTATIONS = YES;
				CLANG_WARN_DIRECT_OBJC_ISA_USAGE = YES_ERROR;
				CLANG_WARN_DOCUMENTATION_COMMENTS = YES;
				CLANG_WARN_EMPTY_BODY = YES;
				CLANG_WARN_ENUM_CONVERSION = YES;
				CLANG_WARN_INFINITE_RECURSION = YES;
				CLANG_WARN_INT_CONVERSION = YES;
				CLANG_WARN_NON_LITERAL_NULL_CONVERSION = YES;
				CLANG_WARN_OBJC_IMPLICIT_RETAIN_SELF = YES;
				CLANG_WARN_OBJC_LITERAL_CONVERSION = YES;
				CLANG_WARN_OBJC_ROOT_CLASS = YES_ERROR;
				CLANG_WARN_QUOTED_INCLUDE_IN_FRAMEWORK_HEADER = YES;
				CLANG_WARN_RANGE_LOOP_ANALYSIS = YES;
				CLANG_WARN_STRICT_PROTOTYPES = YES;
				CLANG_WARN_SUSPICIOUS_MOVE = YES;
				CLANG_WARN_UNGUARDED_AVAILABILITY = YES_AGGRESSIVE;
				CLANG_WARN_UNREACHABLE_CODE = YES;
				CLANG_WARN__DUPLICATE_METHOD_MATCH = YES;
				COPY_PHASE_STRIP = NO;
				DEBUG_INFORMATION_FORMAT = "dwarf-with-dsym";
				ENABLE_NS_ASSERTIONS = NO;
				ENABLE_STRICT_OBJC_MSGSEND = YES;
				ENABLE_USER_SCRIPT_SANDBOXING = YES;
				GCC_C_LANGUAGE_STANDARD = gnu17;
				GCC_NO_COMMON_BLOCKS = YES;
				GCC_WARN_64_TO_32_BIT_CONVERSION = YES;
				GCC_WARN_ABOUT_RETURN_TYPE = YES_ERROR;
				GCC_WARN_UNDECLARED_SELECTOR = YES;
				GCC_WARN_UNINITIALIZED_AUTOS = YES_AGGRESSIVE;
				GCC_WARN_UNUSED_FUNCTION = YES;
				GCC_WARN_UNUSED_VARIABLE = YES;
				IPHONEOS_DEPLOYMENT_TARGET = 18.2;
				LOCALIZATION_PREFERS_STRING_CATALOGS = YES;
				MTL_ENABLE_DEBUG_INFO = NO;
				MTL_FAST_MATH = YES;
				SDKROOT = iphoneos;
				SWIFT_COMPILATION_MODE = wholemodule;
				VALIDATE_PRODUCT = YES;
			};
			name = Release;
		};
		89DDADAE2E37CE3B0037618A /* Debug */ = {
			isa = XCBuildConfiguration;
			buildSettings = {
				ASSETCATALOG_COMPILER_APPICON_NAME = AppIcon;
				ASSETCATALOG_COMPILER_GLOBAL_ACCENT_COLOR_NAME = AccentColor;
				CODE_SIGN_STYLE = Automatic;
				CURRENT_PROJECT_VERSION = 1;
				DEVELOPMENT_ASSET_PATHS = "\"NowPlayingRNR/Preview Content\"";
				DEVELOPMENT_TEAM = 54LN227PKS;
				ENABLE_PREVIEWS = YES;
				GENERATE_INFOPLIST_FILE = YES;
				INFOPLIST_KEY_UIApplicationSceneManifest_Generation = YES;
				INFOPLIST_KEY_UIApplicationSupportsIndirectInputEvents = YES;
				INFOPLIST_KEY_UILaunchScreen_Generation = YES;
				INFOPLIST_KEY_UISupportedInterfaceOrientations_iPad = "UIInterfaceOrientationPortrait UIInterfaceOrientationPortraitUpsideDown UIInterfaceOrientationLandscapeLeft UIInterfaceOrientationLandscapeRight";
				INFOPLIST_KEY_UISupportedInterfaceOrientations_iPhone = "UIInterfaceOrientationPortrait UIInterfaceOrientationLandscapeLeft UIInterfaceOrientationLandscapeRight";
				LD_RUNPATH_SEARCH_PATHS = (
					"$(inherited)",
					"@executable_path/Frameworks",
				);
				MARKETING_VERSION = 1.0;
				PRODUCT_BUNDLE_IDENTIFIER = uk.co.redmond.me.NowPlayingRNR;
				PRODUCT_NAME = "$(TARGET_NAME)";
				SWIFT_EMIT_LOC_STRINGS = YES;
				SWIFT_VERSION = 5.0;
				TARGETED_DEVICE_FAMILY = "1,2";
			};
			name = Debug;
		};
		89DDADAF2E37CE3B0037618A /* Release */ = {
			isa = XCBuildConfiguration;
			buildSettings = {
				ASSETCATALOG_COMPILER_APPICON_NAME = AppIcon;
				ASSETCATALOG_COMPILER_GLOBAL_ACCENT_COLOR_NAME = AccentColor;
				CODE_SIGN_STYLE = Automatic;
				CURRENT_PROJECT_VERSION = 1;
				DEVELOPMENT_ASSET_PATHS = "\"NowPlayingRNR/Preview Content\"";
				DEVELOPMENT_TEAM = 54LN227PKS;
				ENABLE_PREVIEWS = YES;
				GENERATE_INFOPLIST_FILE = YES;
				INFOPLIST_KEY_UIApplicationSceneManifest_Generation = YES;
				INFOPLIST_KEY_UIApplicationSupportsIndirectInputEvents = YES;
				INFOPLIST_KEY_UILaunchScreen_Generation = YES;
				INFOPLIST_KEY_UISupportedInterfaceOrientations_iPad = "UIInterfaceOrientationPortrait UIInterfaceOrientationPortraitUpsideDown UIInterfaceOrientationLandscapeLeft UIInterfaceOrientationLandscapeRight";
				INFOPLIST_KEY_UISupportedInterfaceOrientations_iPhone = "UIInterfaceOrientationPortrait UIInterfaceOrientationLandscapeLeft UIInterfaceOrientationLandscapeRight";
				LD_RUNPATH_SEARCH_PATHS = (
					"$(inherited)",
					"@executable_path/Frameworks",
				);
				MARKETING_VERSION = 1.0;
				PRODUCT_BUNDLE_IDENTIFIER = uk.co.redmond.me.NowPlayingRNR;
				PRODUCT_NAME = "$(TARGET_NAME)";
				SWIFT_EMIT_LOC_STRINGS = YES;
				SWIFT_VERSION = 5.0;
				TARGETED_DEVICE_FAMILY = "1,2";
			};
			name = Release;
		};
		89DDADB12E37CE3B0037618A /* Debug */ = {
			isa = XCBuildConfiguration;
			buildSettings = {
				BUNDLE_LOADER = "$(TEST_HOST)";
				CODE_SIGN_STYLE = Automatic;
				CURRENT_PROJECT_VERSION = 1;
				DEVELOPMENT_TEAM = 54LN227PKS;
				GENERATE_INFOPLIST_FILE = YES;
				IPHONEOS_DEPLOYMENT_TARGET = 18.2;
				MARKETING_VERSION = 1.0;
				PRODUCT_BUNDLE_IDENTIFIER = uk.co.redmond.me.NowPlayingRNRTests;
				PRODUCT_NAME = "$(TARGET_NAME)";
				SWIFT_EMIT_LOC_STRINGS = NO;
				SWIFT_VERSION = 5.0;
				TARGETED_DEVICE_FAMILY = "1,2";
				TEST_HOST = "$(BUILT_PRODUCTS_DIR)/NowPlayingRNR.app/$(BUNDLE_EXECUTABLE_FOLDER_PATH)/NowPlayingRNR";
			};
			name = Debug;
		};
		89DDADB22E37CE3B0037618A /* Release */ = {
			isa = XCBuildConfiguration;
			buildSettings = {
				BUNDLE_LOADER = "$(TEST_HOST)";
				CODE_SIGN_STYLE = Automatic;
				CURRENT_PROJECT_VERSION = 1;
				DEVELOPMENT_TEAM = 54LN227PKS;
				GENERATE_INFOPLIST_FILE = YES;
				IPHONEOS_DEPLOYMENT_TARGET = 18.2;
				MARKETING_VERSION = 1.0;
				PRODUCT_BUNDLE_IDENTIFIER = uk.co.redmond.me.NowPlayingRNRTests;
				PRODUCT_NAME = "$(TARGET_NAME)";
				SWIFT_EMIT_LOC_STRINGS = NO;
				SWIFT_VERSION = 5.0;
				TARGETED_DEVICE_FAMILY = "1,2";
				TEST_HOST = "$(BUILT_PRODUCTS_DIR)/NowPlayingRNR.app/$(BUNDLE_EXECUTABLE_FOLDER_PATH)/NowPlayingRNR";
			};
			name = Release;
		};
		89DDADB42E37CE3B0037618A /* Debug */ = {
			isa = XCBuildConfiguration;
			buildSettings = {
				CODE_SIGN_STYLE = Automatic;
				CURRENT_PROJECT_VERSION = 1;
				DEVELOPMENT_TEAM = 54LN227PKS;
				GENERATE_INFOPLIST_FILE = YES;
				MARKETING_VERSION = 1.0;
				PRODUCT_BUNDLE_IDENTIFIER = uk.co.redmond.me.NowPlayingRNRUITests;
				PRODUCT_NAME = "$(TARGET_NAME)";
				SWIFT_EMIT_LOC_STRINGS = NO;
				SWIFT_VERSION = 5.0;
				TARGETED_DEVICE_FAMILY = "1,2";
				TEST_TARGET_NAME = NowPlayingRNR;
			};
			name = Debug;
		};
		89DDADB52E37CE3B0037618A /* Release */ = {
			isa = XCBuildConfiguration;
			buildSettings = {
				CODE_SIGN_STYLE = Automatic;
				CURRENT_PROJECT_VERSION = 1;
				DEVELOPMENT_TEAM = 54LN227PKS;
				GENERATE_INFOPLIST_FILE = YES;
				MARKETING_VERSION = 1.0;
				PRODUCT_BUNDLE_IDENTIFIER = uk.co.redmond.me.NowPlayingRNRUITests;
				PRODUCT_NAME = "$(TARGET_NAME)";
				SWIFT_EMIT_LOC_STRINGS = NO;
				SWIFT_VERSION = 5.0;
				TARGETED_DEVICE_FAMILY = "1,2";
				TEST_TARGET_NAME = NowPlayingRNR;
			};
			name = Release;
		};
/* End XCBuildConfiguration section */

/* Begin XCConfigurationList section */
		89DDAD842E37CE1B0037618A /* Build configuration list for PBXProject "NowPlayingRNR" */ = {
			isa = XCConfigurationList;
			buildConfigurations = (
				89DDADAB2E37CE3B0037618A /* Debug */,
				89DDADAC2E37CE3B0037618A /* Release */,
			);
			defaultConfigurationIsVisible = 0;
			defaultConfigurationName = Release;
		};
		89DDADAD2E37CE3B0037618A /* Build configuration list for PBXNativeTarget "NowPlayingRNR" */ = {
			isa = XCConfigurationList;
			buildConfigurations = (
				89DDADAE2E37CE3B0037618A /* Debug */,
				89DDADAF2E37CE3B0037618A /* Release */,
			);
			defaultConfigurationIsVisible = 0;
			defaultConfigurationName = Release;
		};
		89DDADB02E37CE3B0037618A /* Build configuration list for PBXNativeTarget "NowPlayingRNRTests" */ = {
			isa = XCConfigurationList;
			buildConfigurations = (
				89DDADB12E37CE3B0037618A /* Debug */,
				89DDADB22E37CE3B0037618A /* Release */,
			);
			defaultConfigurationIsVisible = 0;
			defaultConfigurationName = Release;
		};
		89DDADB32E37CE3B0037618A /* Build configuration list for PBXNativeTarget "NowPlayingRNRUITests" */ = {
			isa = XCConfigurationList;
			buildConfigurations = (
				89DDADB42E37CE3B0037618A /* Debug */,
				89DDADB52E37CE3B0037618A /* Release */,
			);
			defaultConfigurationIsVisible = 0;
			defaultConfigurationName = Release;
		};
/* End XCConfigurationList section */
	};
	rootObject = 89DDAD812E37CE1B0037618A /* Project object */;
}
